<?xml version="1.0" encoding="utf-8"?>
<Project ToolsVersion="4.0" xmlns="http://schemas.microsoft.com/developer/msbuild/2003">
  <ItemGroup>
    <Filter Include="external">
      <UniqueIdentifier>{43b3e113-8ce7-45f0-8a84-26d832bf179b}</UniqueIdentifier>
    </Filter>
    <Filter Include="Headers">
      <UniqueIdentifier>{f6131989-bfe6-42a5-8565-0ede1993a628}</UniqueIdentifier>
    </Filter>
    <Filter Include="Sources">
      <UniqueIdentifier>{7b8da5de-666f-42cc-a676-7387a20e520e}</UniqueIdentifier>
    </Filter>
  </ItemGroup>
  <ItemGroup>
    <ClInclude Include="transport\CCObjectFactory.h">
      <Filter>Headers</Filter>
    </ClInclude>
    <ClInclude Include="CConfig.h">
      <Filter>Headers</Filter>
    </ClInclude>
  </ItemGroup>
  <ItemGroup>
    <ClCompile Include="transport\CCObjectFactory.cpp">
      <Filter>Sources</Filter>
    </ClCompile>
    <ClCompile Include="CConfig.cpp">
      <Filter>Sources</Filter>
    </ClCompile>
  </ItemGroup>
</Project>