
Microsoft Visual Studio Solution File, Format Version 12.00
# Visual Studio 2013
VisualStudioVersion = 12.0.21005.1
MinimumVisualStudioVersion = 10.0.40219.1
Project("{8BC9CEB8-8B4A-11D0-8D11-00A0C91BC942}") = "common", "common\common.vcxproj", "{63D0E99E-77AF-4538-9325-35B9632E1B0A}"
EndProject
Project("{8BC9CEB8-8B4A-11D0-8D11-00A0C91BC942}") = "server", "server\server.vcxproj", "{B0052C53-9F3E-4DFA-B094-B0B32E9109B8}"
	ProjectSection(ProjectDependencies) = postProject
		{63D0E99E-77AF-4538-9325-35B9632E1B0A} = {63D0E99E-77AF-4538-9325-35B9632E1B0A}
	EndProjectSection
EndProject
Project("{2150E333-8FDC-42A3-9474-1A3956D46DE8}") = "Client", "Client", "{C99AE67B-05F0-4C8F-97A6-952E17220A7E}"
EndProject
Project("{8BC9CEB8-8B4A-11D0-8D11-00A0C91BC942}") = "client_tools", "client\tools\client_tools.vcxproj", "{212A3C00-CCD5-4478-B0FA-F8A5856B7800}"
	ProjectSection(ProjectDependencies) = postProject
		{63D0E99E-77AF-4538-9325-35B9632E1B0A} = {63D0E99E-77AF-4538-9325-35B9632E1B0A}
	EndProjectSection
EndProject
Project("{8BC9CEB8-8B4A-11D0-8D11-00A0C91BC942}") = "client_ui", "client\user_interface\UserInterface.vcxproj", "{B1390626-EB3A-4D5F-8032-613D3F916725}"
	ProjectSection(ProjectDependencies) = postProject
		{212A3C00-CCD5-4478-B0FA-F8A5856B7800} = {212A3C00-CCD5-4478-B0FA-F8A5856B7800}
		{63D0E99E-77AF-4538-9325-35B9632E1B0A} = {63D0E99E-77AF-4538-9325-35B9632E1B0A}
	EndProjectSection
EndProject
Project("{2150E333-8FDC-42A3-9474-1A3956D46DE8}") = "mwf", "mwf", "{681282A0-E31D-409F-BD38-7FD885E570CE}"
EndProject
Project("{2150E333-8FDC-42A3-9474-1A3956D46DE8}") = "wpf", "wpf", "{593D5626-0ACE-4D1A-A302-7582BF0004AA}"
EndProject
Project("{8BC9CEB8-8B4A-11D0-8D11-00A0C91BC942}") = "bridge_csharp", "client\bridge_csharp\bridge_csharp.vcxproj", "{CF92D7EC-7256-45D5-BF5E-BA6C5BF47FCD}"
EndProject
Global
	GlobalSection(SolutionConfigurationPlatforms) = preSolution
		Debug|Win32 = Debug|Win32
		Debug|x64 = Debug|x64
		Release|Win32 = Release|Win32
		Release|x64 = Release|x64
	EndGlobalSection
	GlobalSection(ProjectConfigurationPlatforms) = postSolution
		{63D0E99E-77AF-4538-9325-35B9632E1B0A}.Debug|Win32.ActiveCfg = Debug|Win32
		{63D0E99E-77AF-4538-9325-35B9632E1B0A}.Debug|Win32.Build.0 = Debug|Win32
		{63D0E99E-77AF-4538-9325-35B9632E1B0A}.Debug|x64.ActiveCfg = Debug|x64
		{63D0E99E-77AF-4538-9325-35B9632E1B0A}.Debug|x64.Build.0 = Debug|x64
		{63D0E99E-77AF-4538-9325-35B9632E1B0A}.Release|Win32.ActiveCfg = Release|Win32
		{63D0E99E-77AF-4538-9325-35B9632E1B0A}.Release|Win32.Build.0 = Release|Win32
		{63D0E99E-77AF-4538-9325-35B9632E1B0A}.Release|x64.ActiveCfg = Release|x64
		{63D0E99E-77AF-4538-9325-35B9632E1B0A}.Release|x64.Build.0 = Release|x64
		{B0052C53-9F3E-4DFA-B094-B0B32E9109B8}.Debug|Win32.ActiveCfg = Debug|Win32
		{B0052C53-9F3E-4DFA-B094-B0B32E9109B8}.Debug|Win32.Build.0 = Debug|Win32
		{B0052C53-9F3E-4DFA-B094-B0B32E9109B8}.Debug|x64.ActiveCfg = Debug|x64
		{B0052C53-9F3E-4DFA-B094-B0B32E9109B8}.Debug|x64.Build.0 = Debug|x64
		{B0052C53-9F3E-4DFA-B094-B0B32E9109B8}.Release|Win32.ActiveCfg = Release|Win32
		{B0052C53-9F3E-4DFA-B094-B0B32E9109B8}.Release|Win32.Build.0 = Release|Win32
		{B0052C53-9F3E-4DFA-B094-B0B32E9109B8}.Release|x64.ActiveCfg = Release|x64
		{B0052C53-9F3E-4DFA-B094-B0B32E9109B8}.Release|x64.Build.0 = Release|x64
		{212A3C00-CCD5-4478-B0FA-F8A5856B7800}.Debug|Win32.ActiveCfg = Debug|Win32
		{212A3C00-CCD5-4478-B0FA-F8A5856B7800}.Debug|Win32.Build.0 = Debug|Win32
		{212A3C00-CCD5-4478-B0FA-F8A5856B7800}.Debug|x64.ActiveCfg = Debug|x64
		{212A3C00-CCD5-4478-B0FA-F8A5856B7800}.Debug|x64.Build.0 = Debug|x64
		{212A3C00-CCD5-4478-B0FA-F8A5856B7800}.Release|Win32.ActiveCfg = Release|Win32
		{212A3C00-CCD5-4478-B0FA-F8A5856B7800}.Release|Win32.Build.0 = Release|Win32
		{212A3C00-CCD5-4478-B0FA-F8A5856B7800}.Release|x64.ActiveCfg = Release|x64
		{212A3C00-CCD5-4478-B0FA-F8A5856B7800}.Release|x64.Build.0 = Release|x64
		{B1390626-EB3A-4D5F-8032-613D3F916725}.Debug|Win32.ActiveCfg = Debug|Win32
		{B1390626-EB3A-4D5F-8032-613D3F916725}.Debug|Win32.Build.0 = Debug|Win32
		{B1390626-EB3A-4D5F-8032-613D3F916725}.Debug|x64.ActiveCfg = Debug|x64
		{B1390626-EB3A-4D5F-8032-613D3F916725}.Debug|x64.Build.0 = Debug|x64
		{B1390626-EB3A-4D5F-8032-613D3F916725}.Release|Win32.ActiveCfg = Release|Win32
		{B1390626-EB3A-4D5F-8032-613D3F916725}.Release|Win32.Build.0 = Release|Win32
		{B1390626-EB3A-4D5F-8032-613D3F916725}.Release|x64.ActiveCfg = Release|x64
		{B1390626-EB3A-4D5F-8032-613D3F916725}.Release|x64.Build.0 = Release|x64
		{CF92D7EC-7256-45D5-BF5E-BA6C5BF47FCD}.Debug|Win32.ActiveCfg = Debug|Win32
		{CF92D7EC-7256-45D5-BF5E-BA6C5BF47FCD}.Debug|Win32.Build.0 = Debug|Win32
		{CF92D7EC-7256-45D5-BF5E-BA6C5BF47FCD}.Debug|x64.ActiveCfg = Debug|x64
		{CF92D7EC-7256-45D5-BF5E-BA6C5BF47FCD}.Debug|x64.Build.0 = Debug|x64
		{CF92D7EC-7256-45D5-BF5E-BA6C5BF47FCD}.Release|Win32.ActiveCfg = Release|Win32
		{CF92D7EC-7256-45D5-BF5E-BA6C5BF47FCD}.Release|Win32.Build.0 = Release|Win32
		{CF92D7EC-7256-45D5-BF5E-BA6C5BF47FCD}.Release|x64.ActiveCfg = Release|x64
		{CF92D7EC-7256-45D5-BF5E-BA6C5BF47FCD}.Release|x64.Build.0 = Release|x64
	EndGlobalSection
	GlobalSection(SolutionProperties) = preSolution
		HideSolutionNode = FALSE
	EndGlobalSection
	GlobalSection(NestedProjects) = preSolution
		{212A3C00-CCD5-4478-B0FA-F8A5856B7800} = {C99AE67B-05F0-4C8F-97A6-952E17220A7E}
		{681282A0-E31D-409F-BD38-7FD885E570CE} = {C99AE67B-05F0-4C8F-97A6-952E17220A7E}
		{593D5626-0ACE-4D1A-A302-7582BF0004AA} = {C99AE67B-05F0-4C8F-97A6-952E17220A7E}
		{B1390626-EB3A-4D5F-8032-613D3F916725} = {681282A0-E31D-409F-BD38-7FD885E570CE}
		{CF92D7EC-7256-45D5-BF5E-BA6C5BF47FCD} = {593D5626-0ACE-4D1A-A302-7582BF0004AA}
	EndGlobalSection
EndGlobal
